// !$*UTF8*$!
{
	archiveVersion = 1;
	classes = {
	};
	objectVersion = 46;
	objects = {

/* Begin PBXBuildFile section */
		050543D115E063A100697329 /* CKCompletionChunk.h in Headers */ = {isa = PBXBuildFile; fileRef = 050543CD15E063A100697329 /* CKCompletionChunk.h */; settings = {ATTRIBUTES = (Public, ); }; };
		050543D215E063A100697329 /* CKCompletionChunk.m in Sources */ = {isa = PBXBuildFile; fileRef = 050543CE15E063A100697329 /* CKCompletionChunk.m */; };
		050543D315E063A100697329 /* CKCompletionResult.h in Headers */ = {isa = PBXBuildFile; fileRef = 050543CF15E063A100697329 /* CKCompletionResult.h */; settings = {ATTRIBUTES = (Public, ); }; };
		050543D415E063A100697329 /* CKCompletionResult.m in Sources */ = {isa = PBXBuildFile; fileRef = 050543D015E063A100697329 /* CKCompletionResult.m */; };
		0518B9D615D7577D00349932 /* ClangKitTest.m in Sources */ = {isa = PBXBuildFile; fileRef = 0518B9D515D7577D00349932 /* ClangKitTest.m */; };
		0518B9DF15D7589F00349932 /* ClangKit.framework in Frameworks */ = {isa = PBXBuildFile; fileRef = 059872EE15D74D09006FF8D2 /* ClangKit.framework */; };
		0518B9EC15D7F63A00349932 /* CKTranslationUnit+Private.h in Headers */ = {isa = PBXBuildFile; fileRef = 0518B9EA15D7F63A00349932 /* CKTranslationUnit+Private.h */; settings = {ATTRIBUTES = (Private, ); }; };
		0518B9ED15D7F63A00349932 /* CKTranslationUnit+Private.m in Sources */ = {isa = PBXBuildFile; fileRef = 0518B9EB15D7F63A00349932 /* CKTranslationUnit+Private.m */; };
		0518BAA115D869D700349932 /* ClangKit.h in Headers */ = {isa = PBXBuildFile; fileRef = 059872FE15D74D09006FF8D2 /* ClangKit.h */; settings = {ATTRIBUTES = (Public, ); }; };
		0518BAA215D869D700349932 /* CKTypes.h in Headers */ = {isa = PBXBuildFile; fileRef = 0598737B15D751B8006FF8D2 /* CKTypes.h */; settings = {ATTRIBUTES = (Public, ); }; };
		055BB2E91A83BDDF00E6AC23 /* Foundation.framework in Frameworks */ = {isa = PBXBuildFile; fileRef = 055BB2E81A83BDDF00E6AC23 /* Foundation.framework */; };
		055BB2EB1A83BDE900E6AC23 /* libc++.dylib in Frameworks */ = {isa = PBXBuildFile; fileRef = 055BB2EA1A83BDE900E6AC23 /* libc++.dylib */; };
		055BB2ED1A83BDEE00E6AC23 /* libc++abi.dylib in Frameworks */ = {isa = PBXBuildFile; fileRef = 055BB2EC1A83BDEE00E6AC23 /* libc++abi.dylib */; };
		055BB2EF1A83D1D800E6AC23 /* libz.dylib in Frameworks */ = {isa = PBXBuildFile; fileRef = 055BB2EE1A83D1D800E6AC23 /* libz.dylib */; };
		055BB2F21A83D3E300E6AC23 /* libcurses.dylib in Frameworks */ = {isa = PBXBuildFile; fileRef = 055BB2F01A83D23600E6AC23 /* libcurses.dylib */; };
		0598736315D75153006FF8D2 /* CKDiagnostic.h in Headers */ = {isa = PBXBuildFile; fileRef = 0598734B15D75153006FF8D2 /* CKDiagnostic.h */; settings = {ATTRIBUTES = (Public, ); }; };
		0598736415D75153006FF8D2 /* CKDiagnostic.m in Sources */ = {isa = PBXBuildFile; fileRef = 0598734C15D75153006FF8D2 /* CKDiagnostic.m */; };
		0598736715D75153006FF8D2 /* CKFixIt.h in Headers */ = {isa = PBXBuildFile; fileRef = 0598734F15D75153006FF8D2 /* CKFixIt.h */; settings = {ATTRIBUTES = (Public, ); }; };
		0598736815D75153006FF8D2 /* CKFixIt.m in Sources */ = {isa = PBXBuildFile; fileRef = 0598735015D75153006FF8D2 /* CKFixIt.m */; };
		0598736B15D75153006FF8D2 /* CKIndex.h in Headers */ = {isa = PBXBuildFile; fileRef = 0598735315D75153006FF8D2 /* CKIndex.h */; settings = {ATTRIBUTES = (Public, ); }; };
		0598736C15D75153006FF8D2 /* CKIndex.m in Sources */ = {isa = PBXBuildFile; fileRef = 0598735415D75153006FF8D2 /* CKIndex.m */; };
		0598737315D75153006FF8D2 /* CKToken.h in Headers */ = {isa = PBXBuildFile; fileRef = 0598735B15D75153006FF8D2 /* CKToken.h */; settings = {ATTRIBUTES = (Public, ); }; };
		0598737415D75153006FF8D2 /* CKToken.m in Sources */ = {isa = PBXBuildFile; fileRef = 0598735C15D75153006FF8D2 /* CKToken.m */; };
		0598737515D75153006FF8D2 /* CKToken+Private.h in Headers */ = {isa = PBXBuildFile; fileRef = 0598735D15D75153006FF8D2 /* CKToken+Private.h */; settings = {ATTRIBUTES = (Private, ); }; };
		0598737615D75153006FF8D2 /* CKToken+Private.m in Sources */ = {isa = PBXBuildFile; fileRef = 0598735E15D75153006FF8D2 /* CKToken+Private.m */; };
		0598737715D75153006FF8D2 /* CKTranslationUnit.h in Headers */ = {isa = PBXBuildFile; fileRef = 0598735F15D75153006FF8D2 /* CKTranslationUnit.h */; settings = {ATTRIBUTES = (Public, ); }; };
		0598737815D75153006FF8D2 /* CKTranslationUnit.m in Sources */ = {isa = PBXBuildFile; fileRef = 0598736015D75153006FF8D2 /* CKTranslationUnit.m */; };
		05A73DB015D9553D00AB75F4 /* CKCursor.h in Headers */ = {isa = PBXBuildFile; fileRef = 05A73DAE15D9553D00AB75F4 /* CKCursor.h */; settings = {ATTRIBUTES = (Public, ); }; };
		05A73DB115D9553D00AB75F4 /* CKCursor.m in Sources */ = {isa = PBXBuildFile; fileRef = 05A73DAF15D9553D00AB75F4 /* CKCursor.m */; };
		05A73DBD15D95DA600AB75F4 /* CKSourceLocation.h in Headers */ = {isa = PBXBuildFile; fileRef = 05A73DBB15D95DA600AB75F4 /* CKSourceLocation.h */; settings = {ATTRIBUTES = (Public, ); }; };
		05A73DBE15D95DA600AB75F4 /* CKSourceLocation.m in Sources */ = {isa = PBXBuildFile; fileRef = 05A73DBC15D95DA600AB75F4 /* CKSourceLocation.m */; };
		05A73DC115D9645E00AB75F4 /* CKCursor+Private.h in Headers */ = {isa = PBXBuildFile; fileRef = 05A73DBF15D9645E00AB75F4 /* CKCursor+Private.h */; settings = {ATTRIBUTES = (Private, ); }; };
		05A73DC215D9645E00AB75F4 /* CKCursor+Private.m in Sources */ = {isa = PBXBuildFile; fileRef = 05A73DC015D9645E00AB75F4 /* CKCursor+Private.m */; };
		7B380B931AC97C4100285B4E /* AppDelegate.m in Sources */ = {isa = PBXBuildFile; fileRef = 7B380B921AC97C4100285B4E /* AppDelegate.m */; };
		7B380B951AC97C4100285B4E /* main.m in Sources */ = {isa = PBXBuildFile; fileRef = 7B380B941AC97C4100285B4E /* main.m */; };
		7B380B971AC97C4100285B4E /* Images.xcassets in Resources */ = {isa = PBXBuildFile; fileRef = 7B380B961AC97C4100285B4E /* Images.xcassets */; };
		7B380B9A1AC97C4100285B4E /* MainMenu.xib in Resources */ = {isa = PBXBuildFile; fileRef = 7B380B981AC97C4100285B4E /* MainMenu.xib */; };
		7B380BAF1AC9804800285B4E /* ClangKit.framework in Frameworks */ = {isa = PBXBuildFile; fileRef = 059872EE15D74D09006FF8D2 /* ClangKit.framework */; };
		7B380BBF1AC984F800285B4E /* NSFileManager+CE.h in Headers */ = {isa = PBXBuildFile; fileRef = 7B380BB01AC984F700285B4E /* NSFileManager+CE.h */; settings = {ATTRIBUTES = (Public, ); }; };
		7B380BC01AC984F800285B4E /* NSFileManager+CE.m in Sources */ = {isa = PBXBuildFile; fileRef = 7B380BB11AC984F700285B4E /* NSFileManager+CE.m */; };
		7B380BC11AC984F800285B4E /* NSBundle+CE.h in Headers */ = {isa = PBXBuildFile; fileRef = 7B380BB21AC984F700285B4E /* NSBundle+CE.h */; settings = {ATTRIBUTES = (Public, ); }; };
		7B380BC21AC984F800285B4E /* NSBundle+CE.m in Sources */ = {isa = PBXBuildFile; fileRef = 7B380BB31AC984F700285B4E /* NSBundle+CE.m */; };
		7B380BC31AC984F800285B4E /* NSString+CE.h in Headers */ = {isa = PBXBuildFile; fileRef = 7B380BB41AC984F700285B4E /* NSString+CE.h */; settings = {ATTRIBUTES = (Public, ); }; };
		7B380BC41AC984F800285B4E /* NSString+CE.m in Sources */ = {isa = PBXBuildFile; fileRef = 7B380BB51AC984F700285B4E /* NSString+CE.m */; };
		7B380BC71AC984F800285B4E /* NSTextView+CE.h in Headers */ = {isa = PBXBuildFile; fileRef = 7B380BB81AC984F700285B4E /* NSTextView+CE.h */; settings = {ATTRIBUTES = (Public, ); }; };
		7B380BC81AC984F800285B4E /* NSTextView+CE.m in Sources */ = {isa = PBXBuildFile; fileRef = 7B380BB91AC984F700285B4E /* NSTextView+CE.m */; };
		7B380BC91AC984F800285B4E /* NSImage+CE.h in Headers */ = {isa = PBXBuildFile; fileRef = 7B380BBA1AC984F700285B4E /* NSImage+CE.h */; settings = {ATTRIBUTES = (Public, ); }; };
		7B380BCA1AC984F800285B4E /* NSImage+CE.m in Sources */ = {isa = PBXBuildFile; fileRef = 7B380BBB1AC984F700285B4E /* NSImage+CE.m */; };
		7B380BCB1AC984F800285B4E /* NSView+CE.h in Headers */ = {isa = PBXBuildFile; fileRef = 7B380BBC1AC984F700285B4E /* NSView+CE.h */; settings = {ATTRIBUTES = (Public, ); }; };
		7B380BCC1AC984F800285B4E /* NSView+CE.m in Sources */ = {isa = PBXBuildFile; fileRef = 7B380BBD1AC984F700285B4E /* NSView+CE.m */; };
/* End PBXBuildFile section */

/* Begin PBXContainerItemProxy section */
		0518B9E015D758A400349932 /* PBXContainerItemProxy */ = {
			isa = PBXContainerItemProxy;
			containerPortal = 059872E415D74D09006FF8D2 /* Project object */;
			proxyType = 1;
			remoteGlobalIDString = 059872ED15D74D09006FF8D2;
			remoteInfo = ClangKit;
		};
		7B380BAD1AC9804300285B4E /* PBXContainerItemProxy */ = {
			isa = PBXContainerItemProxy;
			containerPortal = 059872E415D74D09006FF8D2 /* Project object */;
			proxyType = 1;
			remoteGlobalIDString = 059872ED15D74D09006FF8D2;
			remoteInfo = ClangKit;
		};
/* End PBXContainerItemProxy section */

/* Begin PBXCopyFilesBuildPhase section */
		0518B9CE15D7577D00349932 /* CopyFiles */ = {
			isa = PBXCopyFilesBuildPhase;
			buildActionMask = 2147483647;
			dstPath = /usr/share/man/man1/;
			dstSubfolderSpec = 0;
			files = (
			);
			runOnlyForDeploymentPostprocessing = 1;
		};
/* End PBXCopyFilesBuildPhase section */

/* Begin PBXFileReference section */
		050543CD15E063A100697329 /* CKCompletionChunk.h */ = {isa = PBXFileReference; fileEncoding = 4; lastKnownFileType = sourcecode.c.h; path = CKCompletionChunk.h; sourceTree = "<group>"; };
		050543CE15E063A100697329 /* CKCompletionChunk.m */ = {isa = PBXFileReference; fileEncoding = 4; lastKnownFileType = sourcecode.c.objc; lineEnding = 0; path = CKCompletionChunk.m; sourceTree = "<group>"; xcLanguageSpecificationIdentifier = xcode.lang.objc; };
		050543CF15E063A100697329 /* CKCompletionResult.h */ = {isa = PBXFileReference; fileEncoding = 4; lastKnownFileType = sourcecode.c.h; path = CKCompletionResult.h; sourceTree = "<group>"; };
		050543D015E063A100697329 /* CKCompletionResult.m */ = {isa = PBXFileReference; fileEncoding = 4; lastKnownFileType = sourcecode.c.objc; lineEnding = 0; path = CKCompletionResult.m; sourceTree = "<group>"; xcLanguageSpecificationIdentifier = xcode.lang.objc; };
		0518B9D015D7577D00349932 /* ClangKitTest */ = {isa = PBXFileReference; explicitFileType = "compiled.mach-o.executable"; includeInIndex = 0; path = ClangKitTest; sourceTree = BUILT_PRODUCTS_DIR; };
		0518B9D515D7577D00349932 /* ClangKitTest.m */ = {isa = PBXFileReference; lastKnownFileType = sourcecode.c.objc; name = ClangKitTest.m; path = ClangKitTest/ClangKitTest.m; sourceTree = "<group>"; };
		0518B9EA15D7F63A00349932 /* CKTranslationUnit+Private.h */ = {isa = PBXFileReference; fileEncoding = 4; lastKnownFileType = sourcecode.c.h; path = "CKTranslationUnit+Private.h"; sourceTree = "<group>"; };
		0518B9EB15D7F63A00349932 /* CKTranslationUnit+Private.m */ = {isa = PBXFileReference; fileEncoding = 4; lastKnownFileType = sourcecode.c.objc; path = "CKTranslationUnit+Private.m"; sourceTree = "<group>"; };
		0518BA9C15D8615100349932 /* README.md */ = {isa = PBXFileReference; fileEncoding = 4; lastKnownFileType = text; path = README.md; sourceTree = "<group>"; };
		055BB2E81A83BDDF00E6AC23 /* Foundation.framework */ = {isa = PBXFileReference; lastKnownFileType = wrapper.framework; name = Foundation.framework; path = System/Library/Frameworks/Foundation.framework; sourceTree = SDKROOT; };
		055BB2EA1A83BDE900E6AC23 /* libc++.dylib */ = {isa = PBXFileReference; lastKnownFileType = "compiled.mach-o.dylib"; name = "libc++.dylib"; path = "usr/lib/libc++.dylib"; sourceTree = SDKROOT; };
		055BB2EC1A83BDEE00E6AC23 /* libc++abi.dylib */ = {isa = PBXFileReference; lastKnownFileType = "compiled.mach-o.dylib"; name = "libc++abi.dylib"; path = "usr/lib/libc++abi.dylib"; sourceTree = SDKROOT; };
		055BB2EE1A83D1D800E6AC23 /* libz.dylib */ = {isa = PBXFileReference; lastKnownFileType = "compiled.mach-o.dylib"; name = libz.dylib; path = usr/lib/libz.dylib; sourceTree = SDKROOT; };
		055BB2F01A83D23600E6AC23 /* libcurses.dylib */ = {isa = PBXFileReference; lastKnownFileType = "compiled.mach-o.dylib"; name = libcurses.dylib; path = usr/lib/libcurses.dylib; sourceTree = SDKROOT; };
		0569CBDF1923F0B10089E263 /* Makefile */ = {isa = PBXFileReference; fileEncoding = 4; lastKnownFileType = sourcecode.make; path = Makefile; sourceTree = "<group>"; };
		059872EE15D74D09006FF8D2 /* ClangKit.framework */ = {isa = PBXFileReference; explicitFileType = wrapper.framework; includeInIndex = 0; path = ClangKit.framework; sourceTree = BUILT_PRODUCTS_DIR; };
		059872F915D74D09006FF8D2 /* ClangKit-Info.plist */ = {isa = PBXFileReference; lastKnownFileType = text.plist.xml; name = "ClangKit-Info.plist"; path = "ClangKit/ClangKit-Info.plist"; sourceTree = "<group>"; };
		059872FD15D74D09006FF8D2 /* ClangKit-Prefix.pch */ = {isa = PBXFileReference; lastKnownFileType = sourcecode.c.h; name = "ClangKit-Prefix.pch"; path = "ClangKit/ClangKit-Prefix.pch"; sourceTree = "<group>"; };
		059872FE15D74D09006FF8D2 /* ClangKit.h */ = {isa = PBXFileReference; lastKnownFileType = sourcecode.c.h; name = ClangKit.h; path = ClangKit/ClangKit.h; sourceTree = "<group>"; };
		0598734B15D75153006FF8D2 /* CKDiagnostic.h */ = {isa = PBXFileReference; fileEncoding = 4; lastKnownFileType = sourcecode.c.h; path = CKDiagnostic.h; sourceTree = "<group>"; };
		0598734C15D75153006FF8D2 /* CKDiagnostic.m */ = {isa = PBXFileReference; fileEncoding = 4; lastKnownFileType = sourcecode.c.objc; lineEnding = 0; path = CKDiagnostic.m; sourceTree = "<group>"; xcLanguageSpecificationIdentifier = xcode.lang.objc; };
		0598734F15D75153006FF8D2 /* CKFixIt.h */ = {isa = PBXFileReference; fileEncoding = 4; lastKnownFileType = sourcecode.c.h; path = CKFixIt.h; sourceTree = "<group>"; };
		0598735015D75153006FF8D2 /* CKFixIt.m */ = {isa = PBXFileReference; fileEncoding = 4; lastKnownFileType = sourcecode.c.objc; lineEnding = 0; path = CKFixIt.m; sourceTree = "<group>"; xcLanguageSpecificationIdentifier = xcode.lang.objc; };
		0598735315D75153006FF8D2 /* CKIndex.h */ = {isa = PBXFileReference; fileEncoding = 4; lastKnownFileType = sourcecode.c.h; path = CKIndex.h; sourceTree = "<group>"; };
		0598735415D75153006FF8D2 /* CKIndex.m */ = {isa = PBXFileReference; fileEncoding = 4; lastKnownFileType = sourcecode.c.objc; lineEnding = 0; path = CKIndex.m; sourceTree = "<group>"; xcLanguageSpecificationIdentifier = xcode.lang.objc; };
		0598735B15D75153006FF8D2 /* CKToken.h */ = {isa = PBXFileReference; fileEncoding = 4; lastKnownFileType = sourcecode.c.h; path = CKToken.h; sourceTree = "<group>"; };
		0598735C15D75153006FF8D2 /* CKToken.m */ = {isa = PBXFileReference; fileEncoding = 4; lastKnownFileType = sourcecode.c.objc; lineEnding = 0; path = CKToken.m; sourceTree = "<group>"; xcLanguageSpecificationIdentifier = xcode.lang.objc; };
		0598735D15D75153006FF8D2 /* CKToken+Private.h */ = {isa = PBXFileReference; fileEncoding = 4; lastKnownFileType = sourcecode.c.h; path = "CKToken+Private.h"; sourceTree = "<group>"; };
		0598735E15D75153006FF8D2 /* CKToken+Private.m */ = {isa = PBXFileReference; fileEncoding = 4; lastKnownFileType = sourcecode.c.objc; lineEnding = 0; path = "CKToken+Private.m"; sourceTree = "<group>"; xcLanguageSpecificationIdentifier = xcode.lang.objc; };
		0598735F15D75153006FF8D2 /* CKTranslationUnit.h */ = {isa = PBXFileReference; fileEncoding = 4; lastKnownFileType = sourcecode.c.h; path = CKTranslationUnit.h; sourceTree = "<group>"; };
		0598736015D75153006FF8D2 /* CKTranslationUnit.m */ = {isa = PBXFileReference; fileEncoding = 4; lastKnownFileType = sourcecode.c.objc; lineEnding = 0; path = CKTranslationUnit.m; sourceTree = "<group>"; xcLanguageSpecificationIdentifier = xcode.lang.objc; };
		0598737B15D751B8006FF8D2 /* CKTypes.h */ = {isa = PBXFileReference; lastKnownFileType = sourcecode.c.h; name = CKTypes.h; path = ClangKit/CKTypes.h; sourceTree = "<group>"; };
		05A73DAE15D9553D00AB75F4 /* CKCursor.h */ = {isa = PBXFileReference; fileEncoding = 4; lastKnownFileType = sourcecode.c.h; path = CKCursor.h; sourceTree = "<group>"; };
		05A73DAF15D9553D00AB75F4 /* CKCursor.m */ = {isa = PBXFileReference; fileEncoding = 4; lastKnownFileType = sourcecode.c.objc; lineEnding = 0; path = CKCursor.m; sourceTree = "<group>"; xcLanguageSpecificationIdentifier = xcode.lang.objc; };
		05A73DBB15D95DA600AB75F4 /* CKSourceLocation.h */ = {isa = PBXFileReference; fileEncoding = 4; lastKnownFileType = sourcecode.c.h; path = CKSourceLocation.h; sourceTree = "<group>"; };
		05A73DBC15D95DA600AB75F4 /* CKSourceLocation.m */ = {isa = PBXFileReference; fileEncoding = 4; lastKnownFileType = sourcecode.c.objc; lineEnding = 0; path = CKSourceLocation.m; sourceTree = "<group>"; xcLanguageSpecificationIdentifier = xcode.lang.objc; };
		05A73DBF15D9645E00AB75F4 /* CKCursor+Private.h */ = {isa = PBXFileReference; fileEncoding = 4; lastKnownFileType = sourcecode.c.h; path = "CKCursor+Private.h"; sourceTree = "<group>"; };
		05A73DC015D9645E00AB75F4 /* CKCursor+Private.m */ = {isa = PBXFileReference; fileEncoding = 4; lastKnownFileType = sourcecode.c.objc; path = "CKCursor+Private.m"; sourceTree = "<group>"; };
		7B380B8D1AC97C4000285B4E /* ComnpletionTester.app */ = {isa = PBXFileReference; explicitFileType = wrapper.application; includeInIndex = 0; path = ComnpletionTester.app; sourceTree = BUILT_PRODUCTS_DIR; };
		7B380B901AC97C4100285B4E /* Info.plist */ = {isa = PBXFileReference; lastKnownFileType = text.plist.xml; path = Info.plist; sourceTree = "<group>"; };
		7B380B911AC97C4100285B4E /* AppDelegate.h */ = {isa = PBXFileReference; lastKnownFileType = sourcecode.c.h; path = AppDelegate.h; sourceTree = "<group>"; };
		7B380B921AC97C4100285B4E /* AppDelegate.m */ = {isa = PBXFileReference; lastKnownFileType = sourcecode.c.objc; path = AppDelegate.m; sourceTree = "<group>"; };
		7B380B941AC97C4100285B4E /* main.m */ = {isa = PBXFileReference; lastKnownFileType = sourcecode.c.objc; path = main.m; sourceTree = "<group>"; };
		7B380B961AC97C4100285B4E /* Images.xcassets */ = {isa = PBXFileReference; lastKnownFileType = folder.assetcatalog; path = Images.xcassets; sourceTree = "<group>"; };
		7B380B991AC97C4100285B4E /* Base */ = {isa = PBXFileReference; lastKnownFileType = file.xib; name = Base; path = Base.lproj/MainMenu.xib; sourceTree = "<group>"; };
		7B380BB01AC984F700285B4E /* NSFileManager+CE.h */ = {isa = PBXFileReference; fileEncoding = 4; lastKnownFileType = sourcecode.c.h; path = "NSFileManager+CE.h"; sourceTree = "<group>"; };
		7B380BB11AC984F700285B4E /* NSFileManager+CE.m */ = {isa = PBXFileReference; fileEncoding = 4; lastKnownFileType = sourcecode.c.objc; path = "NSFileManager+CE.m"; sourceTree = "<group>"; };
		7B380BB21AC984F700285B4E /* NSBundle+CE.h */ = {isa = PBXFileReference; fileEncoding = 4; lastKnownFileType = sourcecode.c.h; path = "NSBundle+CE.h"; sourceTree = "<group>"; };
		7B380BB31AC984F700285B4E /* NSBundle+CE.m */ = {isa = PBXFileReference; fileEncoding = 4; lastKnownFileType = sourcecode.c.objc; path = "NSBundle+CE.m"; sourceTree = "<group>"; };
		7B380BB41AC984F700285B4E /* NSString+CE.h */ = {isa = PBXFileReference; fileEncoding = 4; lastKnownFileType = sourcecode.c.h; path = "NSString+CE.h"; sourceTree = "<group>"; };
		7B380BB51AC984F700285B4E /* NSString+CE.m */ = {isa = PBXFileReference; fileEncoding = 4; lastKnownFileType = sourcecode.c.objc; lineEnding = 0; path = "NSString+CE.m"; sourceTree = "<group>"; xcLanguageSpecificationIdentifier = xcode.lang.objc; };
		7B380BB81AC984F700285B4E /* NSTextView+CE.h */ = {isa = PBXFileReference; fileEncoding = 4; lastKnownFileType = sourcecode.c.h; path = "NSTextView+CE.h"; sourceTree = "<group>"; };
		7B380BB91AC984F700285B4E /* NSTextView+CE.m */ = {isa = PBXFileReference; fileEncoding = 4; lastKnownFileType = sourcecode.c.objc; path = "NSTextView+CE.m"; sourceTree = "<group>"; };
		7B380BBA1AC984F700285B4E /* NSImage+CE.h */ = {isa = PBXFileReference; fileEncoding = 4; lastKnownFileType = sourcecode.c.h; path = "NSImage+CE.h"; sourceTree = "<group>"; };
		7B380BBB1AC984F700285B4E /* NSImage+CE.m */ = {isa = PBXFileReference; fileEncoding = 4; lastKnownFileType = sourcecode.c.objc; lineEnding = 0; path = "NSImage+CE.m"; sourceTree = "<group>"; xcLanguageSpecificationIdentifier = xcode.lang.objc; };
		7B380BBC1AC984F700285B4E /* NSView+CE.h */ = {isa = PBXFileReference; fileEncoding = 4; lastKnownFileType = sourcecode.c.h; path = "NSView+CE.h"; sourceTree = "<group>"; };
		7B380BBD1AC984F700285B4E /* NSView+CE.m */ = {isa = PBXFileReference; fileEncoding = 4; lastKnownFileType = sourcecode.c.objc; path = "NSView+CE.m"; sourceTree = "<group>"; };
/* End PBXFileReference section */

/* Begin PBXFrameworksBuildPhase section */
		0518B9CD15D7577D00349932 /* Frameworks */ = {
			isa = PBXFrameworksBuildPhase;
			buildActionMask = 2147483647;
			files = (
				0518B9DF15D7589F00349932 /* ClangKit.framework in Frameworks */,
			);
			runOnlyForDeploymentPostprocessing = 0;
		};
		059872EA15D74D09006FF8D2 /* Frameworks */ = {
			isa = PBXFrameworksBuildPhase;
			buildActionMask = 2147483647;
			files = (
				055BB2F21A83D3E300E6AC23 /* libcurses.dylib in Frameworks */,
				055BB2EF1A83D1D800E6AC23 /* libz.dylib in Frameworks */,
				055BB2ED1A83BDEE00E6AC23 /* libc++abi.dylib in Frameworks */,
				055BB2EB1A83BDE900E6AC23 /* libc++.dylib in Frameworks */,
				055BB2E91A83BDDF00E6AC23 /* Foundation.framework in Frameworks */,
			);
			runOnlyForDeploymentPostprocessing = 0;
		};
		7B380B8A1AC97C4000285B4E /* Frameworks */ = {
			isa = PBXFrameworksBuildPhase;
			buildActionMask = 2147483647;
			files = (
				7B380BAF1AC9804800285B4E /* ClangKit.framework in Frameworks */,
			);
			runOnlyForDeploymentPostprocessing = 0;
		};
/* End PBXFrameworksBuildPhase section */

/* Begin PBXGroup section */
		0569CBDE1923F0B10089E263 /* Documentation */ = {
			isa = PBXGroup;
			children = (
				0569CBDF1923F0B10089E263 /* Makefile */,
			);
			path = Documentation;
			sourceTree = "<group>";
		};
		059872E215D74D09006FF8D2 = {
			isa = PBXGroup;
			children = (
				059872FE15D74D09006FF8D2 /* ClangKit.h */,
				0598737B15D751B8006FF8D2 /* CKTypes.h */,
				059872FD15D74D09006FF8D2 /* ClangKit-Prefix.pch */,
				0598730F15D74DE2006FF8D2 /* Classes */,
				7B380BBE1AC984F700285B4E /* Categories */,
				7BF6844A1ACCA58C00C06D22 /* Support */,
			);
			sourceTree = "<group>";
		};
		059872EF15D74D09006FF8D2 /* Products */ = {
			isa = PBXGroup;
			children = (
				059872EE15D74D09006FF8D2 /* ClangKit.framework */,
				0518B9D015D7577D00349932 /* ClangKitTest */,
				7B380B8D1AC97C4000285B4E /* ComnpletionTester.app */,
			);
			name = Products;
			sourceTree = "<group>";
		};
		059872F015D74D09006FF8D2 /* Frameworks */ = {
			isa = PBXGroup;
			children = (
				055BB2F01A83D23600E6AC23 /* libcurses.dylib */,
				055BB2EE1A83D1D800E6AC23 /* libz.dylib */,
				055BB2EC1A83BDEE00E6AC23 /* libc++abi.dylib */,
				055BB2EA1A83BDE900E6AC23 /* libc++.dylib */,
				055BB2E81A83BDDF00E6AC23 /* Foundation.framework */,
			);
			name = Frameworks;
			sourceTree = "<group>";
		};
		0598730F15D74DE2006FF8D2 /* Classes */ = {
			isa = PBXGroup;
			children = (
				7BF6844E1ACCA60C00C06D22 /* Headers */,
				050543CE15E063A100697329 /* CKCompletionChunk.m */,
				050543D015E063A100697329 /* CKCompletionResult.m */,
				0598734C15D75153006FF8D2 /* CKDiagnostic.m */,
				0598735015D75153006FF8D2 /* CKFixIt.m */,
				0598735415D75153006FF8D2 /* CKIndex.m */,
				0598735C15D75153006FF8D2 /* CKToken.m */,
				0598735E15D75153006FF8D2 /* CKToken+Private.m */,
				0598736015D75153006FF8D2 /* CKTranslationUnit.m */,
				0518B9EB15D7F63A00349932 /* CKTranslationUnit+Private.m */,
				05A73DAF15D9553D00AB75F4 /* CKCursor.m */,
				05A73DC015D9645E00AB75F4 /* CKCursor+Private.m */,
				05A73DBC15D95DA600AB75F4 /* CKSourceLocation.m */,
			);
			name = Classes;
			path = ClangKit/Classes;
			sourceTree = "<group>";
		};
		7B380B8E1AC97C4100285B4E /* ComnpletionTester */ = {
			isa = PBXGroup;
			children = (
				7B380B911AC97C4100285B4E /* AppDelegate.h */,
				7B380B921AC97C4100285B4E /* AppDelegate.m */,
				7B380B961AC97C4100285B4E /* Images.xcassets */,
				7B380B981AC97C4100285B4E /* MainMenu.xib */,
				7B380B8F1AC97C4100285B4E /* Supporting Files */,
			);
			path = ComnpletionTester;
			sourceTree = "<group>";
		};
		7B380B8F1AC97C4100285B4E /* Supporting Files */ = {
			isa = PBXGroup;
			children = (
				7B380B901AC97C4100285B4E /* Info.plist */,
				7B380B941AC97C4100285B4E /* main.m */,
			);
			name = "Supporting Files";
			sourceTree = "<group>";
		};
		7B380BBE1AC984F700285B4E /* Categories */ = {
			isa = PBXGroup;
			children = (
				7BF6844D1ACCA5F600C06D22 /* Headers */,
				7B380BB11AC984F700285B4E /* NSFileManager+CE.m */,
				7B380BB31AC984F700285B4E /* NSBundle+CE.m */,
				7B380BB51AC984F700285B4E /* NSString+CE.m */,
				7B380BB91AC984F700285B4E /* NSTextView+CE.m */,
				7B380BBB1AC984F700285B4E /* NSImage+CE.m */,
				7B380BBD1AC984F700285B4E /* NSView+CE.m */,
			);
			name = Categories;
			path = ../Codeine/Classes/Categories;
			sourceTree = "<group>";
		};
		7BF6844A1ACCA58C00C06D22 /* Support */ = {
			isa = PBXGroup;
			children = (
				059872F915D74D09006FF8D2 /* ClangKit-Info.plist */,
				0518BA9C15D8615100349932 /* README.md */,
				0569CBDE1923F0B10089E263 /* Documentation */,
				0518B9D515D7577D00349932 /* ClangKitTest.m */,
				7B380B8E1AC97C4100285B4E /* ComnpletionTester */,
				059872F015D74D09006FF8D2 /* Frameworks */,
				059872EF15D74D09006FF8D2 /* Products */,
			);
			name = Support;
			sourceTree = "<group>";
		};
		7BF6844D1ACCA5F600C06D22 /* Headers */ = {
			isa = PBXGroup;
			children = (
				7B380BB01AC984F700285B4E /* NSFileManager+CE.h */,
				7B380BB21AC984F700285B4E /* NSBundle+CE.h */,
				7B380BB41AC984F700285B4E /* NSString+CE.h */,
				7B380BB81AC984F700285B4E /* NSTextView+CE.h */,
				7B380BBA1AC984F700285B4E /* NSImage+CE.h */,
				7B380BBC1AC984F700285B4E /* NSView+CE.h */,
			);
			name = Headers;
			sourceTree = "<group>";
		};
		7BF6844E1ACCA60C00C06D22 /* Headers */ = {
			isa = PBXGroup;
			children = (
				050543CD15E063A100697329 /* CKCompletionChunk.h */,
				050543CF15E063A100697329 /* CKCompletionResult.h */,
				0598734B15D75153006FF8D2 /* CKDiagnostic.h */,
				0598734F15D75153006FF8D2 /* CKFixIt.h */,
				0598735315D75153006FF8D2 /* CKIndex.h */,
				0598735B15D75153006FF8D2 /* CKToken.h */,
				0598735D15D75153006FF8D2 /* CKToken+Private.h */,
				0598735F15D75153006FF8D2 /* CKTranslationUnit.h */,
				0518B9EA15D7F63A00349932 /* CKTranslationUnit+Private.h */,
				05A73DAE15D9553D00AB75F4 /* CKCursor.h */,
				05A73DBF15D9645E00AB75F4 /* CKCursor+Private.h */,
				05A73DBB15D95DA600AB75F4 /* CKSourceLocation.h */,
			);
			name = Headers;
			sourceTree = "<group>";
		};
/* End PBXGroup section */

/* Begin PBXHeadersBuildPhase section */
		059872EB15D74D09006FF8D2 /* Headers */ = {
			isa = PBXHeadersBuildPhase;
			buildActionMask = 2147483647;
			files = (
				0598736315D75153006FF8D2 /* CKDiagnostic.h in Headers */,
				0598736715D75153006FF8D2 /* CKFixIt.h in Headers */,
				0598736B15D75153006FF8D2 /* CKIndex.h in Headers */,
				7B380BC31AC984F800285B4E /* NSString+CE.h in Headers */,
				0598737315D75153006FF8D2 /* CKToken.h in Headers */,
				0598737515D75153006FF8D2 /* CKToken+Private.h in Headers */,
				7B380BC91AC984F800285B4E /* NSImage+CE.h in Headers */,
				0598737715D75153006FF8D2 /* CKTranslationUnit.h in Headers */,
				7B380BBF1AC984F800285B4E /* NSFileManager+CE.h in Headers */,
				7B380BC71AC984F800285B4E /* NSTextView+CE.h in Headers */,
				0518B9EC15D7F63A00349932 /* CKTranslationUnit+Private.h in Headers */,
				0518BAA115D869D700349932 /* ClangKit.h in Headers */,
				0518BAA215D869D700349932 /* CKTypes.h in Headers */,
				05A73DB015D9553D00AB75F4 /* CKCursor.h in Headers */,
				7B380BC11AC984F800285B4E /* NSBundle+CE.h in Headers */,
				05A73DBD15D95DA600AB75F4 /* CKSourceLocation.h in Headers */,
				7B380BCB1AC984F800285B4E /* NSView+CE.h in Headers */,
				05A73DC115D9645E00AB75F4 /* CKCursor+Private.h in Headers */,
				050543D115E063A100697329 /* CKCompletionChunk.h in Headers */,
				050543D315E063A100697329 /* CKCompletionResult.h in Headers */,
			);
			runOnlyForDeploymentPostprocessing = 0;
		};
/* End PBXHeadersBuildPhase section */

/* Begin PBXNativeTarget section */
		0518B9CF15D7577D00349932 /* ClangKitTest */ = {
			isa = PBXNativeTarget;
			buildConfigurationList = 0518B9DD15D7577D00349932 /* Build configuration list for PBXNativeTarget "ClangKitTest" */;
			buildPhases = (
				0518B9CC15D7577D00349932 /* Sources */,
				0518B9CD15D7577D00349932 /* Frameworks */,
				0518B9CE15D7577D00349932 /* CopyFiles */,
			);
			buildRules = (
			);
			dependencies = (
				0518B9E115D758A400349932 /* PBXTargetDependency */,
			);
			name = ClangKitTest;
			productName = ClangKitTest;
			productReference = 0518B9D015D7577D00349932 /* ClangKitTest */;
			productType = "com.apple.product-type.tool";
		};
		059872ED15D74D09006FF8D2 /* ClangKit */ = {
			isa = PBXNativeTarget;
			buildConfigurationList = 0598730315D74D09006FF8D2 /* Build configuration list for PBXNativeTarget "ClangKit" */;
			buildPhases = (
				059872E915D74D09006FF8D2 /* Sources */,
				059872EA15D74D09006FF8D2 /* Frameworks */,
				059872EB15D74D09006FF8D2 /* Headers */,
				059872EC15D74D09006FF8D2 /* Resources */,
			);
			buildRules = (
			);
			dependencies = (
			);
			name = ClangKit;
			productName = ClangKit;
			productReference = 059872EE15D74D09006FF8D2 /* ClangKit.framework */;
			productType = "com.apple.product-type.framework";
		};
		7B380B8C1AC97C4000285B4E /* ComnpletionTester */ = {
			isa = PBXNativeTarget;
			buildConfigurationList = 7B380BAB1AC97C4200285B4E /* Build configuration list for PBXNativeTarget "ComnpletionTester" */;
			buildPhases = (
				7B380B891AC97C4000285B4E /* Sources */,
				7B380B8A1AC97C4000285B4E /* Frameworks */,
				7B380B8B1AC97C4000285B4E /* Resources */,
			);
			buildRules = (
			);
			dependencies = (
				7B380BAE1AC9804300285B4E /* PBXTargetDependency */,
			);
			name = ComnpletionTester;
			productName = ComnpletionTester;
			productReference = 7B380B8D1AC97C4000285B4E /* ComnpletionTester.app */;
			productType = "com.apple.product-type.application";
		};
/* End PBXNativeTarget section */

/* Begin PBXProject section */
		059872E415D74D09006FF8D2 /* Project object */ = {
			isa = PBXProject;
			attributes = {
				CLASSPREFIX = CK;
				LastUpgradeCheck = 0630;
				ORGANIZATIONNAME = "XS-Labs";
				TargetAttributes = {
					7B380B8C1AC97C4000285B4E = {
						CreatedOnToolsVersion = 6.3;
					};
				};
			};
			buildConfigurationList = 059872E715D74D09006FF8D2 /* Build configuration list for PBXProject "ClangKit" */;
			compatibilityVersion = "Xcode 3.2";
			developmentRegion = English;
			hasScannedForEncodings = 0;
			knownRegions = (
				en,
				Base,
			);
			mainGroup = 059872E215D74D09006FF8D2;
			productRefGroup = 059872EF15D74D09006FF8D2 /* Products */;
			projectDirPath = "";
			projectRoot = "";
			targets = (
				059872ED15D74D09006FF8D2 /* ClangKit */,
				0518B9CF15D7577D00349932 /* ClangKitTest */,
				7B380B8C1AC97C4000285B4E /* ComnpletionTester */,
			);
		};
/* End PBXProject section */

/* Begin PBXResourcesBuildPhase section */
		059872EC15D74D09006FF8D2 /* Resources */ = {
			isa = PBXResourcesBuildPhase;
			buildActionMask = 2147483647;
			files = (
			);
			runOnlyForDeploymentPostprocessing = 0;
		};
		7B380B8B1AC97C4000285B4E /* Resources */ = {
			isa = PBXResourcesBuildPhase;
			buildActionMask = 2147483647;
			files = (
				7B380B971AC97C4100285B4E /* Images.xcassets in Resources */,
				7B380B9A1AC97C4100285B4E /* MainMenu.xib in Resources */,
			);
			runOnlyForDeploymentPostprocessing = 0;
		};
/* End PBXResourcesBuildPhase section */

/* Begin PBXSourcesBuildPhase section */
		0518B9CC15D7577D00349932 /* Sources */ = {
			isa = PBXSourcesBuildPhase;
			buildActionMask = 2147483647;
			files = (
				0518B9D615D7577D00349932 /* ClangKitTest.m in Sources */,
			);
			runOnlyForDeploymentPostprocessing = 0;
		};
		059872E915D74D09006FF8D2 /* Sources */ = {
			isa = PBXSourcesBuildPhase;
			buildActionMask = 2147483647;
			files = (
				0598736415D75153006FF8D2 /* CKDiagnostic.m in Sources */,
				7B380BC81AC984F800285B4E /* NSTextView+CE.m in Sources */,
				0598736815D75153006FF8D2 /* CKFixIt.m in Sources */,
				7B380BC41AC984F800285B4E /* NSString+CE.m in Sources */,
				7B380BC21AC984F800285B4E /* NSBundle+CE.m in Sources */,
				0598736C15D75153006FF8D2 /* CKIndex.m in Sources */,
				0598737415D75153006FF8D2 /* CKToken.m in Sources */,
				7B380BCA1AC984F800285B4E /* NSImage+CE.m in Sources */,
				7B380BCC1AC984F800285B4E /* NSView+CE.m in Sources */,
				0598737615D75153006FF8D2 /* CKToken+Private.m in Sources */,
				7B380BC01AC984F800285B4E /* NSFileManager+CE.m in Sources */,
				0598737815D75153006FF8D2 /* CKTranslationUnit.m in Sources */,
				0518B9ED15D7F63A00349932 /* CKTranslationUnit+Private.m in Sources */,
				05A73DB115D9553D00AB75F4 /* CKCursor.m in Sources */,
				05A73DBE15D95DA600AB75F4 /* CKSourceLocation.m in Sources */,
				05A73DC215D9645E00AB75F4 /* CKCursor+Private.m in Sources */,
				050543D215E063A100697329 /* CKCompletionChunk.m in Sources */,
				050543D415E063A100697329 /* CKCompletionResult.m in Sources */,
			);
			runOnlyForDeploymentPostprocessing = 0;
		};
		7B380B891AC97C4000285B4E /* Sources */ = {
			isa = PBXSourcesBuildPhase;
			buildActionMask = 2147483647;
			files = (
				7B380B951AC97C4100285B4E /* main.m in Sources */,
				7B380B931AC97C4100285B4E /* AppDelegate.m in Sources */,
			);
			runOnlyForDeploymentPostprocessing = 0;
		};
/* End PBXSourcesBuildPhase section */

/* Begin PBXTargetDependency section */
		0518B9E115D758A400349932 /* PBXTargetDependency */ = {
			isa = PBXTargetDependency;
			target = 059872ED15D74D09006FF8D2 /* ClangKit */;
			targetProxy = 0518B9E015D758A400349932 /* PBXContainerItemProxy */;
		};
		7B380BAE1AC9804300285B4E /* PBXTargetDependency */ = {
			isa = PBXTargetDependency;
			target = 059872ED15D74D09006FF8D2 /* ClangKit */;
			targetProxy = 7B380BAD1AC9804300285B4E /* PBXContainerItemProxy */;
		};
/* End PBXTargetDependency section */

/* Begin PBXVariantGroup section */
		7B380B981AC97C4100285B4E /* MainMenu.xib */ = {
			isa = PBXVariantGroup;
			children = (
				7B380B991AC97C4100285B4E /* Base */,
			);
			name = MainMenu.xib;
			sourceTree = "<group>";
		};
/* End PBXVariantGroup section */

/* Begin XCBuildConfiguration section */
		0518B9DB15D7577D00349932 /* Debug */ = {
			isa = XCBuildConfiguration;
			buildSettings = {
				GCC_OPTIMIZATION_LEVEL = 0;
				MACOSX_DEPLOYMENT_TARGET = 10.8;
				PRODUCT_NAME = "$(TARGET_NAME)";
			};
			name = Debug;
		};
		0518B9DC15D7577D00349932 /* Release */ = {
			isa = XCBuildConfiguration;
			buildSettings = {
				MACOSX_DEPLOYMENT_TARGET = 10.8;
				PRODUCT_NAME = "$(TARGET_NAME)";
			};
			name = Release;
		};
		0598730115D74D09006FF8D2 /* Debug */ = {
			isa = XCBuildConfiguration;
			buildSettings = {
				ALWAYS_SEARCH_USER_PATHS = NO;
				CLANG_CXX_LANGUAGE_STANDARD = "c++0x";
				CLANG_CXX_LIBRARY = "libc++";
				COPY_PHASE_STRIP = NO;
				GCC_C_LANGUAGE_STANDARD = c11;
				GCC_DYNAMIC_NO_PIC = NO;
				GCC_ENABLE_OBJC_EXCEPTIONS = YES;
				GCC_GENERATE_DEBUGGING_SYMBOLS = YES;
				GCC_OPTIMIZATION_LEVEL = s;
				GCC_PREPROCESSOR_DEFINITIONS = (
					"DEBUG=1",
					"$(inherited)",
				);
				GCC_SYMBOLS_PRIVATE_EXTERN = NO;
				LLVM_LTO = NO;
				MACOSX_DEPLOYMENT_TARGET = 10.7;
				ONLY_ACTIVE_ARCH = YES;
				SDKROOT = macosx;
			};
			name = Debug;
		};
		0598730215D74D09006FF8D2 /* Release */ = {
			isa = XCBuildConfiguration;
			buildSettings = {
				ALWAYS_SEARCH_USER_PATHS = NO;
				CLANG_CXX_LANGUAGE_STANDARD = "c++0x";
				CLANG_CXX_LIBRARY = "libc++";
				COPY_PHASE_STRIP = YES;
				DEBUG_INFORMATION_FORMAT = "dwarf-with-dsym";
				GCC_C_LANGUAGE_STANDARD = c11;
				GCC_ENABLE_OBJC_EXCEPTIONS = YES;
				GCC_GENERATE_DEBUGGING_SYMBOLS = NO;
				GCC_OPTIMIZATION_LEVEL = s;
				LLVM_LTO = NO;
				MACOSX_DEPLOYMENT_TARGET = 10.7;
				ONLY_ACTIVE_ARCH = NO;
				SDKROOT = macosx;
			};
			name = Release;
		};
		0598730415D74D09006FF8D2 /* Debug */ = {
			isa = XCBuildConfiguration;
			buildSettings = {
				CLANG_ALLOW_NON_MODULAR_INCLUDES_IN_FRAMEWORK_MODULES = YES;
				CLANG_ANALYZER_OBJC_UNUSED_IVARS = NO;
				CLANG_ENABLE_MODULES = YES;
				COMBINE_HIDPI_IMAGES = YES;
				DEFINES_MODULE = YES;
				DYLIB_COMPATIBILITY_VERSION = 1;
				DYLIB_CURRENT_VERSION = 1;
				FRAMEWORK_VERSION = A;
				GCC_PRECOMPILE_PREFIX_HEADER = YES;
				GCC_PREFIX_HEADER = "ClangKit/ClangKit-Prefix.pch";
				GCC_WARN_UNUSED_VALUE = NO;
				HEADER_SEARCH_PATHS = ClangKit/LLVM/Release/include;
				INFOPLIST_FILE = "ClangKit/ClangKit-Info.plist";
				INSTALL_PATH = "@executable_path/../Frameworks";
				LIBRARY_SEARCH_PATHS = ClangKit/LLVM/Release/lib;
				OTHER_LDFLAGS = (
					"-lLLVMBitReader",
					"-lLLVMCore",
					"-lLLVMMC",
					"-lLLVMMCParser",
					"-lLLVMOption",
					"-lLLVMSupport",
					"-lclang",
					"-lclangARCMigrate",
					"-lclangAST",
					"-lclangASTMatchers",
					"-lclangAnalysis",
					"-lclangBasic",
					"-lclangCodeGen",
					"-lclangDriver",
					"-lclangDynamicASTMatchers",
					"-lclangEdit",
					"-lclangFormat",
					"-lclangFrontend",
					"-lclangFrontendTool",
					"-lclangIndex",
					"-lclangLex",
					"-lclangParse",
					"-lclangRewrite",
					"-lclangRewriteFrontend",
					"-lclangSema",
					"-lclangSerialization",
					"-lclangStaticAnalyzerCheckers",
					"-lclangStaticAnalyzerCore",
					"-lclangStaticAnalyzerFrontend",
					"-lclangTooling",
					"-lclangToolingCore",
				);
				PRODUCT_NAME = "$(TARGET_NAME)";
				SKIP_INSTALL = YES;
				WRAPPER_EXTENSION = framework;
			};
			name = Debug;
		};
		0598730515D74D09006FF8D2 /* Release */ = {
			isa = XCBuildConfiguration;
			buildSettings = {
				CLANG_ALLOW_NON_MODULAR_INCLUDES_IN_FRAMEWORK_MODULES = YES;
				CLANG_ANALYZER_OBJC_UNUSED_IVARS = NO;
				CLANG_ENABLE_MODULES = YES;
				COMBINE_HIDPI_IMAGES = YES;
				COPY_PHASE_STRIP = YES;
				DEFINES_MODULE = YES;
				DYLIB_COMPATIBILITY_VERSION = 1;
				DYLIB_CURRENT_VERSION = 1;
				FRAMEWORK_VERSION = A;
				GCC_PRECOMPILE_PREFIX_HEADER = YES;
				GCC_PREFIX_HEADER = "ClangKit/ClangKit-Prefix.pch";
				GCC_WARN_UNUSED_VALUE = NO;
				HEADER_SEARCH_PATHS = ClangKit/LLVM/Release/include;
				INFOPLIST_FILE = "ClangKit/ClangKit-Info.plist";
				INSTALL_PATH = "@executable_path/../Frameworks";
				LIBRARY_SEARCH_PATHS = ClangKit/LLVM/Release/lib;
				OTHER_LDFLAGS = (
					"-lLLVMBitReader",
					"-lLLVMCore",
					"-lLLVMMC",
					"-lLLVMMCParser",
					"-lLLVMOption",
					"-lLLVMSupport",
					"-lclang",
					"-lclangARCMigrate",
					"-lclangAST",
					"-lclangASTMatchers",
					"-lclangAnalysis",
					"-lclangBasic",
					"-lclangCodeGen",
					"-lclangDriver",
					"-lclangDynamicASTMatchers",
					"-lclangEdit",
					"-lclangFormat",
					"-lclangFrontend",
					"-lclangFrontendTool",
					"-lclangIndex",
					"-lclangLex",
					"-lclangParse",
					"-lclangRewrite",
					"-lclangRewriteFrontend",
					"-lclangSema",
					"-lclangSerialization",
					"-lclangStaticAnalyzerCheckers",
					"-lclangStaticAnalyzerCore",
					"-lclangStaticAnalyzerFrontend",
					"-lclangTooling",
					"-lclangToolingCore",
				);
				PRODUCT_NAME = "$(TARGET_NAME)";
				SKIP_INSTALL = YES;
				WRAPPER_EXTENSION = framework;
			};
			name = Release;
		};
		7B380BA71AC97C4200285B4E /* Debug */ = {
			isa = XCBuildConfiguration;
			buildSettings = {
				ASSETCATALOG_COMPILER_APPICON_NAME = AppIcon;
				CLANG_CXX_LANGUAGE_STANDARD = "gnu++0x";
				CLANG_ENABLE_MODULES = YES;
				CLANG_ENABLE_OBJC_ARC = YES;
				CLANG_WARN_DIRECT_OBJC_ISA_USAGE = YES_ERROR;
				CLANG_WARN_OBJC_ROOT_CLASS = YES_ERROR;
				CODE_SIGN_IDENTITY = "-";
				COMBINE_HIDPI_IMAGES = YES;
				DEBUG_INFORMATION_FORMAT = dwarf;
				ENABLE_STRICT_OBJC_MSGSEND = YES;
				GCC_C_LANGUAGE_STANDARD = gnu99;
				GCC_NO_COMMON_BLOCKS = YES;
				GCC_OPTIMIZATION_LEVEL = 0;
				GCC_PREPROCESSOR_DEFINITIONS = (
					"DEBUG=1",
					"$(inherited)",
				);
				GCC_WARN_ABOUT_RETURN_TYPE = YES_ERROR;
				GCC_WARN_UNINITIALIZED_AUTOS = YES_AGGRESSIVE;
				INFOPLIST_FILE = ComnpletionTester/Info.plist;
				LD_RUNPATH_SEARCH_PATHS = "$(inherited) @executable_path/../Frameworks";
				MACOSX_DEPLOYMENT_TARGET = 10.10;
				MTL_ENABLE_DEBUG_INFO = YES;
				ONLY_ACTIVE_ARCH = YES;
				PRODUCT_NAME = "$(TARGET_NAME)";
				WARNING_CFLAGS = "-w";
			};
			name = Debug;
		};
		7B380BA81AC97C4200285B4E /* Release */ = {
			isa = XCBuildConfiguration;
			buildSettings = {
				ASSETCATALOG_COMPILER_APPICON_NAME = AppIcon;
				CLANG_CXX_LANGUAGE_STANDARD = "gnu++0x";
				CLANG_ENABLE_MODULES = YES;
				CLANG_ENABLE_OBJC_ARC = YES;
				CLANG_WARN_DIRECT_OBJC_ISA_USAGE = YES_ERROR;
				CLANG_WARN_OBJC_ROOT_CLASS = YES_ERROR;
				CODE_SIGN_IDENTITY = "-";
				COMBINE_HIDPI_IMAGES = YES;
				COPY_PHASE_STRIP = NO;
				ENABLE_NS_ASSERTIONS = NO;
				ENABLE_STRICT_OBJC_MSGSEND = YES;
				GCC_C_LANGUAGE_STANDARD = gnu99;
				GCC_NO_COMMON_BLOCKS = YES;
				GCC_WARN_ABOUT_RETURN_TYPE = YES_ERROR;
				GCC_WARN_UNINITIALIZED_AUTOS = YES_AGGRESSIVE;
				INFOPLIST_FILE = ComnpletionTester/Info.plist;
				LD_RUNPATH_SEARCH_PATHS = "$(inherited) @executable_path/../Frameworks";
				MACOSX_DEPLOYMENT_TARGET = 10.10;
				MTL_ENABLE_DEBUG_INFO = NO;
				PRODUCT_NAME = "$(TARGET_NAME)";
				WARNING_CFLAGS = "-w";
			};
			name = Release;
		};
/* End XCBuildConfiguration section */

/* Begin XCConfigurationList section */
		0518B9DD15D7577D00349932 /* Build configuration list for PBXNativeTarget "ClangKitTest" */ = {
			isa = XCConfigurationList;
			buildConfigurations = (
				0518B9DB15D7577D00349932 /* Debug */,
				0518B9DC15D7577D00349932 /* Release */,
			);
			defaultConfigurationIsVisible = 0;
			defaultConfigurationName = Release;
		};
		059872E715D74D09006FF8D2 /* Build configuration list for PBXProject "ClangKit" */ = {
			isa = XCConfigurationList;
			buildConfigurations = (
				0598730115D74D09006FF8D2 /* Debug */,
				0598730215D74D09006FF8D2 /* Release */,
			);
			defaultConfigurationIsVisible = 0;
			defaultConfigurationName = Release;
		};
		0598730315D74D09006FF8D2 /* Build configuration list for PBXNativeTarget "ClangKit" */ = {
			isa = XCConfigurationList;
			buildConfigurations = (
				0598730415D74D09006FF8D2 /* Debug */,
				0598730515D74D09006FF8D2 /* Release */,
			);
			defaultConfigurationIsVisible = 0;
			defaultConfigurationName = Release;
		};
		7B380BAB1AC97C4200285B4E /* Build configuration list for PBXNativeTarget "ComnpletionTester" */ = {
			isa = XCConfigurationList;
			buildConfigurations = (
				7B380BA71AC97C4200285B4E /* Debug */,
				7B380BA81AC97C4200285B4E /* Release */,
			);
			defaultConfigurationIsVisible = 0;
			defaultConfigurationName = Release;
		};
/* End XCConfigurationList section */
	};
	rootObject = 059872E415D74D09006FF8D2 /* Project object */;
}
